<?xml version="1.0" encoding="utf-8"?>
<Project ToolsVersion="4.0" xmlns="http://schemas.microsoft.com/developer/msbuild/2003">
  <ItemGroup>
    <None Include="ReadMe.txt" />
    <None Include="..\..\src\lib_json\json_internalarray.inl">
      <Filter>src</Filter>
    </None>
    <None Include="..\..\src\lib_json\json_internalmap.inl">
      <Filter>src</Filter>
    </None>
    <None Include="..\..\src\lib_json\json_valueiterator.inl">
      <Filter>src</Filter>
    </None>
  </ItemGroup>
  <ItemGroup>
    <Filter Include="include">
      <UniqueIdentifier>{4ba168e9-9ef0-4517-8ccc-1ae00778418b}</UniqueIdentifier>
    </Filter>
    <Filter Include="src">
      <UniqueIdentifier>{99067614-10d6-4913-aa76-f30a84c0fc85}</UniqueIdentifier>
    </Filter>
  </ItemGroup>
  <ItemGroup>
    <ClInclude Include="..\..\include\json\autolink.h">
      <Filter>include</Filter>
    </ClInclude>
    <ClInclude Include="..\..\include\json\config.h">
      <Filter>include</Filter>
    </ClInclude>
    <ClInclude Include="..\..\include\json\features.h">
      <Filter>include</Filter>
    </ClInclude>
    <ClInclude Include="..\..\include\json\forwards.h">
      <Filter>include</Filter>
    </ClInclude>
    <ClInclude Include="..\..\include\json\json.h">
      <Filter>include</Filter>
    </ClInclude>
    <ClInclude Include="..\..\include\json\reader.h">
      <Filter>include</Filter>
    </ClInclude>
    <ClInclude Include="..\..\include\json\value.h">
      <Filter>include</Filter>
    </ClInclude>
    <ClInclude Include="..\..\include\json\writer.h">
      <Filter>include</Filter>
    </ClInclude>
    <ClInclude Include="..\..\src\lib_json\json_batchallocator.h">
      <Filter>src</Filter>
    </ClInclude>
  </ItemGroup>
  <ItemGroup>
    <ClCompile Include="..\..\src\lib_json\json_reader.cpp">
      <Filter>src</Filter>
    </ClCompile>
    <ClCompile Include="..\..\src\lib_json\json_value.cpp">
      <Filter>src</Filter>
    </ClCompile>
    <ClCompile Include="..\..\src\lib_json\json_writer.cpp">
      <Filter>src</Filter>
    </ClCompile>
  </ItemGroup>
</Project>