<?xml version="1.0" encoding="utf-8"?>
<Project ToolsVersion="4.0" xmlns="http://schemas.microsoft.com/developer/msbuild/2003">
  <ItemGroup>
    <Filter Include="classes">
      <UniqueIdentifier>{4f7d701d-d251-44b9-8b14-1904ea24ba4f}</UniqueIdentifier>
    </Filter>
    <Filter Include="classes\mvc">
      <UniqueIdentifier>{3bfad020-75c0-470c-a9e0-91780d4cfd6a}</UniqueIdentifier>
    </Filter>
    <Filter Include="classes\mvc\interface">
      <UniqueIdentifier>{0e7fcc19-54fe-4944-b38a-297a1ec684ce}</UniqueIdentifier>
    </Filter>
    <Filter Include="classes\mvc\core">
      <UniqueIdentifier>{5e7ebf9a-4363-4017-9a23-3112f644b64d}</UniqueIdentifier>
    </Filter>
    <Filter Include="classes\mvc\patterns">
      <UniqueIdentifier>{a9004597-4972-4585-b989-6365913197dd}</UniqueIdentifier>
    </Filter>
    <Filter Include="classes\game">
      <UniqueIdentifier>{4ac9791d-8d9a-4578-8ec8-9797009321f4}</UniqueIdentifier>
    </Filter>
    <Filter Include="classes\util">
      <UniqueIdentifier>{48f8494a-f652-4dec-9e59-128241fcfac3}</UniqueIdentifier>
    </Filter>
    <Filter Include="classes\game\application">
      <UniqueIdentifier>{76872324-601a-4212-b566-5fe15f96752b}</UniqueIdentifier>
    </Filter>
    <Filter Include="classes\framework">
      <UniqueIdentifier>{339a11eb-3e8b-45d3-8eac-4b72cd0ceb0d}</UniqueIdentifier>
    </Filter>
    <Filter Include="classes\game\test">
      <UniqueIdentifier>{b5607719-a4b1-46e7-bd53-a1867abe15b4}</UniqueIdentifier>
    </Filter>
    <Filter Include="classes\network">
      <UniqueIdentifier>{f9b74877-70a5-4f9a-9a83-d4ea216e3133}</UniqueIdentifier>
    </Filter>
    <Filter Include="classes\lock">
      <UniqueIdentifier>{3dcefe99-61f3-408d-842b-d883861b4d78}</UniqueIdentifier>
    </Filter>
    <Filter Include="classes\game\obj">
      <UniqueIdentifier>{c118b5dc-b8ef-4862-850e-d77689367539}</UniqueIdentifier>
    </Filter>
    <Filter Include="classes\game\action">
      <UniqueIdentifier>{b6f13be8-28a4-4269-8af4-7ddbd68b9777}</UniqueIdentifier>
    </Filter>
    <Filter Include="classes\game\data">
      <UniqueIdentifier>{3aec3f57-1dae-4cb4-ae4c-19cb2d53147c}</UniqueIdentifier>
    </Filter>
    <Filter Include="classes\game\config">
      <UniqueIdentifier>{31be2886-c2f4-4f70-956d-2f1d5a8dfa5f}</UniqueIdentifier>
    </Filter>
    <Filter Include="classes\framework\manager">
      <UniqueIdentifier>{c5eedbca-c496-4640-be73-b4753ab02180}</UniqueIdentifier>
    </Filter>
    <Filter Include="classes\framework\interface">
      <UniqueIdentifier>{6109a042-b8a7-464c-82b3-0d89fad1e54f}</UniqueIdentifier>
    </Filter>
    <Filter Include="classes\game\ui">
      <UniqueIdentifier>{7cdf86cc-bfaa-4dac-9240-31bf75c6f13e}</UniqueIdentifier>
    </Filter>
    <Filter Include="classes\game\ui\equipment">
      <UniqueIdentifier>{1ae0a3f0-5ad9-44dd-989f-5180f9b6e2b0}</UniqueIdentifier>
    </Filter>
    <Filter Include="classes\game\ui\missinfo">
      <UniqueIdentifier>{13bf7264-53ca-44c7-8527-83088d08c9b0}</UniqueIdentifier>
    </Filter>
    <Filter Include="classes\game\gamewidget">
      <UniqueIdentifier>{776e2664-39da-400d-a44c-40bc8719f17a}</UniqueIdentifier>
    </Filter>
    <Filter Include="classes\game\scene">
      <UniqueIdentifier>{6b7c410a-e15e-4613-bf58-c74e923d743c}</UniqueIdentifier>
    </Filter>
    <Filter Include="classes\game\scene\login">
      <UniqueIdentifier>{19b97a1e-b2f1-453b-a1b7-72eb70b5e052}</UniqueIdentifier>
    </Filter>
    <Filter Include="classes\game\scene\battle">
      <UniqueIdentifier>{6c9330a4-7f83-480f-b754-43c641a49d6d}</UniqueIdentifier>
    </Filter>
  </ItemGroup>
  <ItemGroup>
    <ClCompile Include="..\Classes\AppDelegate.cpp" />
    <ClCompile Include="main.cpp" />
    <ClCompile Include="..\Classes\mvc\core\View.cpp">
      <Filter>classes\mvc\core</Filter>
    </ClCompile>
    <ClCompile Include="..\Classes\mvc\core\Controller.cpp">
      <Filter>classes\mvc\core</Filter>
    </ClCompile>
    <ClCompile Include="..\Classes\mvc\patterns\Facade.cpp">
      <Filter>classes\mvc\patterns</Filter>
    </ClCompile>
    <ClCompile Include="..\Classes\mvc\core\Model.cpp">
      <Filter>classes\mvc\core</Filter>
    </ClCompile>
    <ClCompile Include="..\Classes\mvc\patterns\Mediator.cpp">
      <Filter>classes\mvc\patterns</Filter>
    </ClCompile>
    <ClCompile Include="..\Classes\mvc\patterns\Notifier.cpp">
      <Filter>classes\mvc\patterns</Filter>
    </ClCompile>
    <ClCompile Include="..\Classes\util\StringHelper.cpp">
      <Filter>classes\util</Filter>
    </ClCompile>
    <ClCompile Include="..\Classes\util\UtilView.cpp">
      <Filter>classes\util</Filter>
    </ClCompile>
    <ClCompile Include="..\Classes\util\UtilCocostudio.cpp">
      <Filter>classes\util</Filter>
    </ClCompile>
    <ClCompile Include="..\Classes\game\application\ApplicationCommand.cpp">
      <Filter>classes\game\application</Filter>
    </ClCompile>
    <ClCompile Include="..\Classes\framework\GameScene.cpp">
      <Filter>classes\framework</Filter>
    </ClCompile>
    <ClCompile Include="..\Classes\game\test\testScene.cpp">
      <Filter>classes\game\test</Filter>
    </ClCompile>
    <ClCompile Include="..\Classes\game\test\testScene1.cpp">
      <Filter>classes\game\test</Filter>
    </ClCompile>
    <ClCompile Include="..\Classes\game\test\UIScene.cpp">
      <Filter>classes\game\test</Filter>
    </ClCompile>
    <ClCompile Include="..\Classes\network\NetManager.cpp">
      <Filter>classes\network</Filter>
    </ClCompile>
    <ClCompile Include="..\Classes\network\odsocket.cpp">
      <Filter>classes\network</Filter>
    </ClCompile>
    <ClCompile Include="..\Classes\network\Thread.cpp">
      <Filter>classes\network</Filter>
    </ClCompile>
    <ClCompile Include="..\Classes\lock\Lock.cpp">
      <Filter>classes\lock</Filter>
    </ClCompile>
    <ClCompile Include="..\Classes\network\MessageQueue.cpp">
      <Filter>classes\network</Filter>
    </ClCompile>
    <ClCompile Include="..\Classes\network\Runnable.cpp">
      <Filter>classes\network</Filter>
    </ClCompile>
    <ClCompile Include="..\Classes\game\config\ConfigGraph.cpp">
      <Filter>classes\game\config</Filter>
    </ClCompile>
    <ClCompile Include="..\Classes\framework\manager\MgrScene.cpp">
      <Filter>classes\framework\manager</Filter>
    </ClCompile>
    <ClCompile Include="..\Classes\framework\manager\MgrConfig.cpp">
      <Filter>classes\framework\manager</Filter>
    </ClCompile>
    <ClCompile Include="..\Classes\game\data\DataGraph.cpp">
      <Filter>classes\game\data</Filter>
    </ClCompile>
    <ClCompile Include="..\Classes\util\UtilJson.cpp">
      <Filter>classes\util</Filter>
    </ClCompile>
    <ClCompile Include="..\Classes\game\action\GameArmature.cpp">
      <Filter>classes\game\action</Filter>
    </ClCompile>
    <ClCompile Include="..\Classes\game\obj\Creature.cpp">
      <Filter>classes\game\obj</Filter>
    </ClCompile>
    <ClCompile Include="..\Classes\game\obj\Graph.cpp">
      <Filter>classes\game\obj</Filter>
    </ClCompile>
    <ClCompile Include="..\Classes\game\obj\Monster.cpp">
      <Filter>classes\game\obj</Filter>
    </ClCompile>
    <ClCompile Include="..\Classes\game\obj\Role.cpp">
      <Filter>classes\game\obj</Filter>
    </ClCompile>
    <ClCompile Include="..\Classes\game\obj\IObjectState.cpp">
      <Filter>classes\game\obj</Filter>
    </ClCompile>
    <ClCompile Include="..\Classes\game\obj\Obj.cpp">
      <Filter>classes\game\obj</Filter>
    </ClCompile>
    <ClCompile Include="..\Classes\game\ui\equipment\Equipment.cpp">
      <Filter>classes\game\ui\equipment</Filter>
    </ClCompile>
    <ClCompile Include="..\Classes\game\ui\equipment\EquipmentCommand.cpp">
      <Filter>classes\game\ui\equipment</Filter>
    </ClCompile>
    <ClCompile Include="..\Classes\game\ui\equipment\EquipmentFacade.cpp">
      <Filter>classes\game\ui\equipment</Filter>
    </ClCompile>
    <ClCompile Include="..\Classes\game\ui\equipment\EquipmentMediator.cpp">
      <Filter>classes\game\ui\equipment</Filter>
    </ClCompile>
    <ClCompile Include="..\Classes\game\ui\equipment\EquipmentProxy.cpp">
      <Filter>classes\game\ui\equipment</Filter>
    </ClCompile>
    <ClCompile Include="..\Classes\game\ui\missinfo\MissInfoDetailFacade.cpp">
      <Filter>classes\game\ui\missinfo</Filter>
    </ClCompile>
    <ClCompile Include="..\Classes\game\ui\missinfo\MissInfoDetailMediator.cpp">
      <Filter>classes\game\ui\missinfo</Filter>
    </ClCompile>
    <ClCompile Include="..\Classes\game\ui\missinfo\MissInfoFacade.cpp">
      <Filter>classes\game\ui\missinfo</Filter>
    </ClCompile>
    <ClCompile Include="..\Classes\game\ui\missinfo\MissInfoMediator.cpp">
      <Filter>classes\game\ui\missinfo</Filter>
    </ClCompile>
    <ClCompile Include="..\Classes\game\gamewidget\Rocker.cpp">
      <Filter>classes\game\gamewidget</Filter>
    </ClCompile>
    <ClCompile Include="..\Classes\game\scene\login\LoginCommand.cpp">
      <Filter>classes\game\scene\login</Filter>
    </ClCompile>
    <ClCompile Include="..\Classes\game\scene\login\LoginFacade.cpp">
      <Filter>classes\game\scene\login</Filter>
    </ClCompile>
    <ClCompile Include="..\Classes\game\scene\login\LoginMediator.cpp">
      <Filter>classes\game\scene\login</Filter>
    </ClCompile>
    <ClCompile Include="..\Classes\game\scene\login\LoginProxy.cpp">
      <Filter>classes\game\scene\login</Filter>
    </ClCompile>
    <ClCompile Include="..\Classes\game\scene\battle\BattleFacade.cpp">
      <Filter>classes\game\scene\battle</Filter>
    </ClCompile>
    <ClCompile Include="..\Classes\game\scene\battle\BattleCommand.cpp">
      <Filter>classes\game\scene\battle</Filter>
    </ClCompile>
  </ItemGroup>
  <ItemGroup>
    <ClInclude Include="..\Classes\AppDelegate.h" />
    <ClInclude Include="..\Classes\AppMacros.h" />
    <ClInclude Include="main.h" />
    <ClInclude Include="..\Classes\mvc\interface\ICommand.h">
      <Filter>classes\mvc\interface</Filter>
    </ClInclude>
    <ClInclude Include="..\Classes\mvc\interface\IController.h">
      <Filter>classes\mvc\interface</Filter>
    </ClInclude>
    <ClInclude Include="..\Classes\mvc\interface\IFacade.h">
      <Filter>classes\mvc\interface</Filter>
    </ClInclude>
    <ClInclude Include="..\Classes\mvc\interface\IMediator.h">
      <Filter>classes\mvc\interface</Filter>
    </ClInclude>
    <ClInclude Include="..\Classes\mvc\interface\INotifier.h">
      <Filter>classes\mvc\interface</Filter>
    </ClInclude>
    <ClInclude Include="..\Classes\mvc\interface\IView.h">
      <Filter>classes\mvc\interface</Filter>
    </ClInclude>
    <ClInclude Include="..\Classes\mvc\core\View.h">
      <Filter>classes\mvc\core</Filter>
    </ClInclude>
    <ClInclude Include="..\Classes\mvc\core\Controller.h">
      <Filter>classes\mvc\core</Filter>
    </ClInclude>
    <ClInclude Include="..\Classes\mvc\patterns\Facade.h">
      <Filter>classes\mvc\patterns</Filter>
    </ClInclude>
    <ClInclude Include="..\Classes\mvc\patterns\Notification.h">
      <Filter>classes\mvc\patterns</Filter>
    </ClInclude>
    <ClInclude Include="..\Classes\mvc\patterns\Mediator.h">
      <Filter>classes\mvc\patterns</Filter>
    </ClInclude>
    <ClInclude Include="..\Classes\mvc\interface\IModel.h">
      <Filter>classes\mvc\interface</Filter>
    </ClInclude>
    <ClInclude Include="..\Classes\mvc\interface\IProxy.h">
      <Filter>classes\mvc\interface</Filter>
    </ClInclude>
    <ClInclude Include="..\Classes\mvc\core\Model.h">
      <Filter>classes\mvc\core</Filter>
    </ClInclude>
    <ClInclude Include="..\Classes\mvc\patterns\Notifier.h">
      <Filter>classes\mvc\patterns</Filter>
    </ClInclude>
    <ClInclude Include="..\Classes\mvc\patterns\SingleCommand.h">
      <Filter>classes\mvc\patterns</Filter>
    </ClInclude>
    <ClInclude Include="..\Classes\util\StringHelper.h">
      <Filter>classes\util</Filter>
    </ClInclude>
    <ClInclude Include="..\Classes\util\Util.h">
      <Filter>classes\util</Filter>
    </ClInclude>
    <ClInclude Include="..\Classes\mvc\patterns\Proxy.h">
      <Filter>classes\mvc\patterns</Filter>
    </ClInclude>
    <ClInclude Include="..\Classes\gameStd.h">
      <Filter>classes</Filter>
    </ClInclude>
    <ClInclude Include="..\Classes\util\UtilView.h">
      <Filter>classes\util</Filter>
    </ClInclude>
    <ClInclude Include="..\Classes\util\UtilCocostudio.h">
      <Filter>classes\util</Filter>
    </ClInclude>
    <ClInclude Include="..\Classes\game\application\ApplicationCommand.h">
      <Filter>classes\game\application</Filter>
    </ClInclude>
    <ClInclude Include="..\Classes\framework\GameScene.h">
      <Filter>classes\framework</Filter>
    </ClInclude>
    <ClInclude Include="..\Classes\framework\BaseMacros.h">
      <Filter>classes\framework</Filter>
    </ClInclude>
    <ClInclude Include="..\Classes\game\test\testScene.h">
      <Filter>classes\game\test</Filter>
    </ClInclude>
    <ClInclude Include="..\Classes\game\test\testScene1.h">
      <Filter>classes\game\test</Filter>
    </ClInclude>
    <ClInclude Include="..\Classes\game\test\UIScene.h">
      <Filter>classes\game\test</Filter>
    </ClInclude>
    <ClInclude Include="..\Classes\network\NetManager.h">
      <Filter>classes\network</Filter>
    </ClInclude>
    <ClInclude Include="..\Classes\network\odsocket.h">
      <Filter>classes\network</Filter>
    </ClInclude>
    <ClInclude Include="..\Classes\network\Runnable.h">
      <Filter>classes\network</Filter>
    </ClInclude>
    <ClInclude Include="..\Classes\network\Thread.h">
      <Filter>classes\network</Filter>
    </ClInclude>
    <ClInclude Include="..\Classes\lock\ILock.h">
      <Filter>classes\lock</Filter>
    </ClInclude>
    <ClInclude Include="..\Classes\lock\Lock.h">
      <Filter>classes\lock</Filter>
    </ClInclude>
    <ClInclude Include="..\Classes\network\Message.h">
      <Filter>classes\network</Filter>
    </ClInclude>
    <ClInclude Include="..\Classes\network\MessageQueue.h">
      <Filter>classes\network</Filter>
    </ClInclude>
    <ClInclude Include="..\Classes\game\config\ConfigGraph.h">
      <Filter>classes\game\config</Filter>
    </ClInclude>
    <ClInclude Include="..\Classes\framework\manager\MgrScene.h">
      <Filter>classes\framework\manager</Filter>
    </ClInclude>
    <ClInclude Include="..\Classes\framework\manager\MgrConfig.h">
      <Filter>classes\framework\manager</Filter>
    </ClInclude>
    <ClInclude Include="..\Classes\game\data\DataGraph.h">
      <Filter>classes\game\data</Filter>
    </ClInclude>
    <ClInclude Include="..\Classes\game\data\IData.h">
      <Filter>classes\game\data</Filter>
    </ClInclude>
    <ClInclude Include="..\Classes\framework\interface\IConfig.h">
      <Filter>classes\framework\interface</Filter>
    </ClInclude>
    <ClInclude Include="..\Classes\util\UtilJson.h">
      <Filter>classes\util</Filter>
    </ClInclude>
    <ClInclude Include="..\Classes\game\action\GameArmature.h">
      <Filter>classes\game\action</Filter>
    </ClInclude>
    <ClInclude Include="..\Classes\game\obj\Creature.h">
      <Filter>classes\game\obj</Filter>
    </ClInclude>
    <ClInclude Include="..\Classes\game\obj\Graph.h">
      <Filter>classes\game\obj</Filter>
    </ClInclude>
    <ClInclude Include="..\Classes\game\obj\Monster.h">
      <Filter>classes\game\obj</Filter>
    </ClInclude>
    <ClInclude Include="..\Classes\game\obj\Obj.h">
      <Filter>classes\game\obj</Filter>
    </ClInclude>
    <ClInclude Include="..\Classes\game\obj\Role.h">
      <Filter>classes\game\obj</Filter>
    </ClInclude>
    <ClInclude Include="..\Classes\game\obj\IObjectState.h">
      <Filter>classes\game\obj</Filter>
    </ClInclude>
    <ClInclude Include="..\Classes\game\ui\equipment\Equipment.h">
      <Filter>classes\game\ui\equipment</Filter>
    </ClInclude>
    <ClInclude Include="..\Classes\game\ui\equipment\EquipmentCommand.h">
      <Filter>classes\game\ui\equipment</Filter>
    </ClInclude>
    <ClInclude Include="..\Classes\game\ui\equipment\EquipmentFacade.h">
      <Filter>classes\game\ui\equipment</Filter>
    </ClInclude>
    <ClInclude Include="..\Classes\game\ui\equipment\EquipmentMediator.h">
      <Filter>classes\game\ui\equipment</Filter>
    </ClInclude>
    <ClInclude Include="..\Classes\game\ui\equipment\EquipmentProxy.h">
      <Filter>classes\game\ui\equipment</Filter>
    </ClInclude>
    <ClInclude Include="..\Classes\game\ui\equipment\EquipmentVO.h">
      <Filter>classes\game\ui\equipment</Filter>
    </ClInclude>
    <ClInclude Include="..\Classes\game\ui\missinfo\MissInfoDetailFacade.h">
      <Filter>classes\game\ui\missinfo</Filter>
    </ClInclude>
    <ClInclude Include="..\Classes\game\ui\missinfo\MissInfoDetailMediator.h">
      <Filter>classes\game\ui\missinfo</Filter>
    </ClInclude>
    <ClInclude Include="..\Classes\game\ui\missinfo\MissInfoFacade.h">
      <Filter>classes\game\ui\missinfo</Filter>
    </ClInclude>
    <ClInclude Include="..\Classes\game\ui\missinfo\MissInfoMediator.h">
      <Filter>classes\game\ui\missinfo</Filter>
    </ClInclude>
    <ClInclude Include="..\Classes\game\gamewidget\Rocker.h">
      <Filter>classes\game\gamewidget</Filter>
    </ClInclude>
    <ClInclude Include="..\Classes\game\scene\login\LoginCommand.h">
      <Filter>classes\game\scene\login</Filter>
    </ClInclude>
    <ClInclude Include="..\Classes\game\scene\login\LoginFacade.h">
      <Filter>classes\game\scene\login</Filter>
    </ClInclude>
    <ClInclude Include="..\Classes\game\scene\login\LoginMediator.h">
      <Filter>classes\game\scene\login</Filter>
    </ClInclude>
    <ClInclude Include="..\Classes\game\scene\login\LoginProxy.h">
      <Filter>classes\game\scene\login</Filter>
    </ClInclude>
    <ClInclude Include="..\Classes\game\scene\login\LoginVO.h">
      <Filter>classes\game\scene\login</Filter>
    </ClInclude>
    <ClInclude Include="..\Classes\game\scene\battle\BattleCommand.h">
      <Filter>classes\game\scene\battle</Filter>
    </ClInclude>
    <ClInclude Include="..\Classes\game\scene\battle\BattleFacade.h">
      <Filter>classes\game\scene\battle</Filter>
    </ClInclude>
  </ItemGroup>
</Project>