<?xml version="1.0" encoding="utf-8"?>
<Project ToolsVersion="4.0" xmlns="http://schemas.microsoft.com/developer/msbuild/2003">
  <ItemGroup>
    <Filter Include="classes">
      <UniqueIdentifier>{ba397336-09b7-4de9-91f9-c54c95332f05}</UniqueIdentifier>
    </Filter>
    <Filter Include="classes\interface">
      <UniqueIdentifier>{c9b9b81c-d629-4c07-bf1f-1ef60a7d0a95}</UniqueIdentifier>
    </Filter>
    <Filter Include="classes\manager">
      <UniqueIdentifier>{ff3d1837-455f-46a1-9f24-73ad6a7176dd}</UniqueIdentifier>
    </Filter>
    <Filter Include="classes\mvc">
      <UniqueIdentifier>{0dac5ed0-f7bb-4df1-921b-55d729ef3b70}</UniqueIdentifier>
    </Filter>
    <Filter Include="classes\object">
      <UniqueIdentifier>{b4ab6f6a-badf-462a-8ed7-0078fee2c661}</UniqueIdentifier>
    </Filter>
    <Filter Include="classes\ui">
      <UniqueIdentifier>{b78bc963-7a22-49bf-9096-245e1cd09e3c}</UniqueIdentifier>
    </Filter>
    <Filter Include="win32">
      <UniqueIdentifier>{2f763a2d-66c5-4604-82f9-1a86645960ed}</UniqueIdentifier>
    </Filter>
    <Filter Include="classes\util">
      <UniqueIdentifier>{3767a1b9-96b4-43e7-b9e5-71d1f52ef7a3}</UniqueIdentifier>
    </Filter>
    <Filter Include="classes\game">
      <UniqueIdentifier>{360980de-7a68-47df-8d3e-2da09877f3a8}</UniqueIdentifier>
    </Filter>
    <Filter Include="classes\game\popupLayer">
      <UniqueIdentifier>{5b86d205-c680-4def-8f71-3eebebb56dbc}</UniqueIdentifier>
    </Filter>
    <Filter Include="classes\game\scenes">
      <UniqueIdentifier>{f369c518-9aa1-4940-86c1-8e4fb86259fe}</UniqueIdentifier>
    </Filter>
    <Filter Include="classes\game\popupLayer\login">
      <UniqueIdentifier>{19bd61d2-3ea1-4c65-b7ad-53f4572c1e44}</UniqueIdentifier>
    </Filter>
    <Filter Include="classes\object\uitouch">
      <UniqueIdentifier>{d0f65cde-98a8-430f-b75d-88ee36bceb59}</UniqueIdentifier>
    </Filter>
    <Filter Include="classes\game\roles">
      <UniqueIdentifier>{85d9d673-ebac-4828-a49a-e1609db68960}</UniqueIdentifier>
    </Filter>
    <Filter Include="classes\game\config">
      <UniqueIdentifier>{43bde332-c747-483c-bfaa-12ff4d1fe1f8}</UniqueIdentifier>
    </Filter>
    <Filter Include="classes\game\map">
      <UniqueIdentifier>{5908ff7c-3956-4c45-b2ae-4f926cac520e}</UniqueIdentifier>
    </Filter>
  </ItemGroup>
  <ItemGroup>
    <ClInclude Include="..\Classes\interface\IElement.h">
      <Filter>classes\interface</Filter>
    </ClInclude>
    <ClInclude Include="..\Classes\mvc\Facade.h">
      <Filter>classes\mvc</Filter>
    </ClInclude>
    <ClInclude Include="..\Classes\mvc\Mediator.h">
      <Filter>classes\mvc</Filter>
    </ClInclude>
    <ClInclude Include="..\Classes\mvc\Notification.h">
      <Filter>classes\mvc</Filter>
    </ClInclude>
    <ClInclude Include="..\Classes\ui\YUIButton.h">
      <Filter>classes\ui</Filter>
    </ClInclude>
    <ClInclude Include="..\Classes\ui\YUIPopupLayer.h">
      <Filter>classes\ui</Filter>
    </ClInclude>
    <ClInclude Include="..\Classes\ui\YUIScene.h">
      <Filter>classes\ui</Filter>
    </ClInclude>
    <ClInclude Include="..\Classes\ui\YUISprite.h">
      <Filter>classes\ui</Filter>
    </ClInclude>
    <ClInclude Include="..\Classes\uitouch\YUITouch.h">
      <Filter>classes\object\uitouch</Filter>
    </ClInclude>
    <ClInclude Include="..\Classes\uitouch\YUITouchEvent.h">
      <Filter>classes\object\uitouch</Filter>
    </ClInclude>
    <ClInclude Include="..\Classes\uitouch\YUITouchLayer.h">
      <Filter>classes\object\uitouch</Filter>
    </ClInclude>
    <ClInclude Include="..\Classes\AppDelegate.h" />
    <ClInclude Include="..\Classes\AppMacros.h" />
    <ClInclude Include="main.h">
      <Filter>win32</Filter>
    </ClInclude>
    <ClInclude Include="..\Classes\util\UtilString.h">
      <Filter>classes\util</Filter>
    </ClInclude>
    <ClInclude Include="..\Classes\util\UtilCocoObject.h">
      <Filter>classes\util</Filter>
    </ClInclude>
    <ClInclude Include="..\Classes\util\Util.h">
      <Filter>classes\util</Filter>
    </ClInclude>
    <ClInclude Include="..\Classes\ui\YUIAnimation.h">
      <Filter>classes\ui</Filter>
    </ClInclude>
    <ClInclude Include="..\Classes\manager\SceneManager.h">
      <Filter>classes\manager</Filter>
    </ClInclude>
    <ClInclude Include="..\Classes\manager\TaskManager.h">
      <Filter>classes\manager</Filter>
    </ClInclude>
    <ClInclude Include="..\Classes\util\UtilTime.h">
      <Filter>classes\util</Filter>
    </ClInclude>
    <ClInclude Include="..\Classes\game\popupLayer\login\SelectRole.h">
      <Filter>classes\game\popupLayer\login</Filter>
    </ClInclude>
    <ClInclude Include="..\Classes\manager\PopupManager.h">
      <Filter>classes\manager</Filter>
    </ClInclude>
    <ClInclude Include="..\Classes\manager\Manager.h">
      <Filter>classes\manager</Filter>
    </ClInclude>
    <ClInclude Include="..\Classes\uitouch\YUITouchManager.h">
      <Filter>classes\object\uitouch</Filter>
    </ClInclude>
    <ClInclude Include="..\Classes\game\scenes\MainScene.h">
      <Filter>classes\game\scenes</Filter>
    </ClInclude>
    <ClInclude Include="..\Classes\ui\YUINode.h">
      <Filter>classes\ui</Filter>
    </ClInclude>
    <ClInclude Include="..\Classes\game\roles\Player.h">
      <Filter>classes\game\roles</Filter>
    </ClInclude>
    <ClInclude Include="..\Classes\game\scenes\LoginScene.h">
      <Filter>classes\game\scenes</Filter>
    </ClInclude>
    <ClInclude Include="..\Classes\ui\YUIAnimationSprite.h">
      <Filter>classes\ui</Filter>
    </ClInclude>
    <ClInclude Include="..\Classes\game\config\ConfigRoles.h">
      <Filter>classes\game\config</Filter>
    </ClInclude>
    <ClInclude Include="..\Classes\game\map\Map.h">
      <Filter>classes\game\map</Filter>
    </ClInclude>
    <ClInclude Include="..\Classes\game\config\ConfigMonster.h">
      <Filter>classes\game\config</Filter>
    </ClInclude>
    <ClInclude Include="..\Classes\game\roles\Role.h">
      <Filter>classes\game\roles</Filter>
    </ClInclude>
    <ClInclude Include="..\Classes\game\roles\Monster.h">
      <Filter>classes\game\roles</Filter>
    </ClInclude>
    <ClInclude Include="..\Classes\game\config\RoleDefine.h">
      <Filter>classes\game\config</Filter>
    </ClInclude>
  </ItemGroup>
  <ItemGroup>
    <ClCompile Include="..\Classes\mvc\Facade.cpp">
      <Filter>classes\mvc</Filter>
    </ClCompile>
    <ClCompile Include="..\Classes\ui\YUIButton.cpp">
      <Filter>classes\ui</Filter>
    </ClCompile>
    <ClCompile Include="..\Classes\ui\YUIPopupLayer.cpp">
      <Filter>classes\ui</Filter>
    </ClCompile>
    <ClCompile Include="..\Classes\ui\YUIScene.cpp">
      <Filter>classes\ui</Filter>
    </ClCompile>
    <ClCompile Include="..\Classes\ui\YUISprite.cpp">
      <Filter>classes\ui</Filter>
    </ClCompile>
    <ClCompile Include="..\Classes\uitouch\YUITouch.cpp">
      <Filter>classes\object\uitouch</Filter>
    </ClCompile>
    <ClCompile Include="..\Classes\uitouch\YUITouchEvent.cpp">
      <Filter>classes\object\uitouch</Filter>
    </ClCompile>
    <ClCompile Include="..\Classes\uitouch\YUITouchLayer.cpp">
      <Filter>classes\object\uitouch</Filter>
    </ClCompile>
    <ClCompile Include="..\Classes\AppDelegate.cpp" />
    <ClCompile Include="main.cpp">
      <Filter>win32</Filter>
    </ClCompile>
    <ClCompile Include="..\Classes\util\UtilString.cpp">
      <Filter>classes\util</Filter>
    </ClCompile>
    <ClCompile Include="..\Classes\util\UtilCocoObject.cpp">
      <Filter>classes\util</Filter>
    </ClCompile>
    <ClCompile Include="..\Classes\ui\YUIAnimation.cpp">
      <Filter>classes\ui</Filter>
    </ClCompile>
    <ClCompile Include="..\Classes\manager\SceneManager.cpp">
      <Filter>classes\manager</Filter>
    </ClCompile>
    <ClCompile Include="..\Classes\manager\TaskManager.cpp">
      <Filter>classes\manager</Filter>
    </ClCompile>
    <ClCompile Include="..\Classes\util\UtilTime.cpp">
      <Filter>classes\util</Filter>
    </ClCompile>
    <ClCompile Include="..\Classes\game\popupLayer\login\SelectRole.cpp">
      <Filter>classes\game\popupLayer\login</Filter>
    </ClCompile>
    <ClCompile Include="..\Classes\manager\PopupManager.cpp">
      <Filter>classes\manager</Filter>
    </ClCompile>
    <ClCompile Include="..\Classes\uitouch\YUITouchManager.cpp">
      <Filter>classes\object\uitouch</Filter>
    </ClCompile>
    <ClCompile Include="..\Classes\game\scenes\LoginScene.cpp">
      <Filter>classes\game\scenes</Filter>
    </ClCompile>
    <ClCompile Include="..\Classes\game\scenes\MainScene.cpp">
      <Filter>classes\game\scenes</Filter>
    </ClCompile>
    <ClCompile Include="..\Classes\ui\YUINode.cpp">
      <Filter>classes\ui</Filter>
    </ClCompile>
    <ClCompile Include="..\Classes\game\roles\Player.cpp">
      <Filter>classes\game\roles</Filter>
    </ClCompile>
    <ClCompile Include="..\Classes\ui\YUIAnimationSprite.cpp">
      <Filter>classes\ui</Filter>
    </ClCompile>
    <ClCompile Include="..\Classes\game\config\ConfigRoles.cpp">
      <Filter>classes\game\config</Filter>
    </ClCompile>
    <ClCompile Include="..\Classes\game\map\Map.cpp">
      <Filter>classes\game\map</Filter>
    </ClCompile>
    <ClCompile Include="..\Classes\game\config\ConfigMonster.cpp">
      <Filter>classes\game\config</Filter>
    </ClCompile>
    <ClCompile Include="..\Classes\game\roles\Role.cpp">
      <Filter>classes\game\roles</Filter>
    </ClCompile>
    <ClCompile Include="..\Classes\game\roles\Monster.cpp">
      <Filter>classes\game\roles</Filter>
    </ClCompile>
  </ItemGroup>
</Project>